// !$*UTF8*$!
{
	archiveVersion = 1;
	classes = {
	};
	objectVersion = 56;
	objects = {

/* Begin PBXBuildFile section */
		04C19D1C2AD1E86600D30133 /* AppDelegate.swift in Sources */ = {isa = PBXBuildFile; fileRef = 04C19D1B2AD1E86600D30133 /* AppDelegate.swift */; };
		04C19D1E2AD1E86600D30133 /* SceneDelegate.swift in Sources */ = {isa = PBXBuildFile; fileRef = 04C19D1D2AD1E86600D30133 /* SceneDelegate.swift */; };
		04C19D202AD1E86600D30133 /* ViewController.swift in Sources */ = {isa = PBXBuildFile; fileRef = 04C19D1F2AD1E86600D30133 /* ViewController.swift */; };
		04C19D232AD1E86600D30133 /* Main.storyboard in Resources */ = {isa = PBXBuildFile; fileRef = 04C19D212AD1E86600D30133 /* Main.storyboard */; };
		04C19D252AD1E86700D30133 /* Assets.xcassets in Resources */ = {isa = PBXBuildFile; fileRef = 04C19D242AD1E86700D30133 /* Assets.xcassets */; };
		04C19D282AD1E86700D30133 /* LaunchScreen.storyboard in Resources */ = {isa = PBXBuildFile; fileRef = 04C19D262AD1E86700D30133 /* LaunchScreen.storyboard */; };
		04C19D342AD1F60400D30133 /* FirstCell.swift in Sources */ = {isa = PBXBuildFile; fileRef = 04C19D332AD1F60400D30133 /* FirstCell.swift */; };
		04C19D362AD1F61500D30133 /* SecondCell.swift in Sources */ = {isa = PBXBuildFile; fileRef = 04C19D352AD1F61500D30133 /* SecondCell.swift */; };
		04C19D382AD1F63100D30133 /* ThirdCell.swift in Sources */ = {isa = PBXBuildFile; fileRef = 04C19D372AD1F63100D30133 /* ThirdCell.swift */; };
		04C19D3B2AD1F68C00D30133 /* Visitor.swift in Sources */ = {isa = PBXBuildFile; fileRef = 04C19D3A2AD1F68C00D30133 /* Visitor.swift */; };
/* End PBXBuildFile section */

/* Begin PBXFileReference section */
		04C19D182AD1E86600D30133 /* Visitor.app */ = {isa = PBXFileReference; explicitFileType = wrapper.application; includeInIndex = 0; path = Visitor.app; sourceTree = BUILT_PRODUCTS_DIR; };
		04C19D1B2AD1E86600D30133 /* AppDelegate.swift */ = {isa = PBXFileReference; lastKnownFileType = sourcecode.swift; path = AppDelegate.swift; sourceTree = "<group>"; };
		04C19D1D2AD1E86600D30133 /* SceneDelegate.swift */ = {isa = PBXFileReference; lastKnownFileType = sourcecode.swift; path = SceneDelegate.swift; sourceTree = "<group>"; };
		04C19D1F2AD1E86600D30133 /* ViewController.swift */ = {isa = PBXFileReference; lastKnownFileType = sourcecode.swift; path = ViewController.swift; sourceTree = "<group>"; };
		04C19D222AD1E86600D30133 /* Base */ = {isa = PBXFileReference; lastKnownFileType = file.storyboard; name = Base; path = Base.lproj/Main.storyboard; sourceTree = "<group>"; };
		04C19D242AD1E86700D30133 /* Assets.xcassets */ = {isa = PBXFileReference; lastKnownFileType = folder.assetcatalog; path = Assets.xcassets; sourceTree = "<group>"; };
		04C19D272AD1E86700D30133 /* Base */ = {isa = PBXFileReference; lastKnownFileType = file.storyboard; name = Base; path = Base.lproj/LaunchScreen.storyboard; sourceTree = "<group>"; };
		04C19D292AD1E86700D30133 /* Info.plist */ = {isa = PBXFileReference; lastKnownFileType = text.plist.xml; path = Info.plist; sourceTree = "<group>"; };
		04C19D332AD1F60400D30133 /* FirstCell.swift */ = {isa = PBXFileReference; lastKnownFileType = sourcecode.swift; path = FirstCell.swift; sourceTree = "<group>"; };
		04C19D352AD1F61500D30133 /* SecondCell.swift */ = {isa = PBXFileReference; lastKnownFileType = sourcecode.swift; path = SecondCell.swift; sourceTree = "<group>"; };
		04C19D372AD1F63100D30133 /* ThirdCell.swift */ = {isa = PBXFileReference; lastKnownFileType = sourcecode.swift; path = ThirdCell.swift; sourceTree = "<group>"; };
		04C19D3A2AD1F68C00D30133 /* Visitor.swift */ = {isa = PBXFileReference; lastKnownFileType = sourcecode.swift; path = Visitor.swift; sourceTree = "<group>"; };
/* End PBXFileReference section */

/* Begin PBXFrameworksBuildPhase section */
		04C19D152AD1E86600D30133 /* Frameworks */ = {
			isa = PBXFrameworksBuildPhase;
			buildActionMask = 2147483647;
			files = (
			);
			runOnlyForDeploymentPostprocessing = 0;
		};
/* End PBXFrameworksBuildPhase section */

/* Begin PBXGroup section */
		04C19D0F2AD1E86600D30133 = {
			isa = PBXGroup;
			children = (
				04C19D1A2AD1E86600D30133 /* Visitor */,
				04C19D192AD1E86600D30133 /* Products */,
			);
			sourceTree = "<group>";
		};
		04C19D192AD1E86600D30133 /* Products */ = {
			isa = PBXGroup;
			children = (
				04C19D182AD1E86600D30133 /* Visitor.app */,
			);
			name = Products;
			sourceTree = "<group>";
		};
		04C19D1A2AD1E86600D30133 /* Visitor */ = {
			isa = PBXGroup;
			children = (
				04C19D392AD1F67600D30133 /* Helpers */,
				04C19D322AD1F5EA00D30133 /* View */,
				04C19D2F2AD1F58600D30133 /* Controllers */,
				04C19D302AD1F5B900D30133 /* Support files */,
				04C19D312AD1F5D800D30133 /* IBuilder */,
				04C19D292AD1E86700D30133 /* Info.plist */,
			);
			path = Visitor;
			sourceTree = "<group>";
		};
		04C19D2F2AD1F58600D30133 /* Controllers */ = {
			isa = PBXGroup;
			children = (
				04C19D1F2AD1E86600D30133 /* ViewController.swift */,
			);
			path = Controllers;
			sourceTree = "<group>";
		};
		04C19D302AD1F5B900D30133 /* Support files */ = {
			isa = PBXGroup;
			children = (
				04C19D1B2AD1E86600D30133 /* AppDelegate.swift */,
				04C19D1D2AD1E86600D30133 /* SceneDelegate.swift */,
				04C19D242AD1E86700D30133 /* Assets.xcassets */,
			);
			path = "Support files";
			sourceTree = "<group>";
		};
		04C19D312AD1F5D800D30133 /* IBuilder */ = {
			isa = PBXGroup;
			children = (
				04C19D212AD1E86600D30133 /* Main.storyboard */,
				04C19D262AD1E86700D30133 /* LaunchScreen.storyboard */,
			);
			path = IBuilder;
			sourceTree = "<group>";
		};
		04C19D322AD1F5EA00D30133 /* View */ = {
			isa = PBXGroup;
			children = (
				04C19D332AD1F60400D30133 /* FirstCell.swift */,
				04C19D352AD1F61500D30133 /* SecondCell.swift */,
				04C19D372AD1F63100D30133 /* ThirdCell.swift */,
			);
			path = View;
			sourceTree = "<group>";
		};
		04C19D392AD1F67600D30133 /* Helpers */ = {
			isa = PBXGroup;
			children = (
				04C19D3A2AD1F68C00D30133 /* Visitor.swift */,
			);
			path = Helpers;
			sourceTree = "<group>";
		};
/* End PBXGroup section */

/* Begin PBXNativeTarget section */
		04C19D172AD1E86600D30133 /* Visitor */ = {
			isa = PBXNativeTarget;
			buildConfigurationList = 04C19D2C2AD1E86700D30133 /* Build configuration list for PBXNativeTarget "Visitor" */;
			buildPhases = (
				04C19D142AD1E86600D30133 /* Sources */,
				04C19D152AD1E86600D30133 /* Frameworks */,
				04C19D162AD1E86600D30133 /* Resources */,
			);
			buildRules = (
			);
			dependencies = (
			);
			name = Visitor;
			productName = Visitor;
			productReference = 04C19D182AD1E86600D30133 /* Visitor.app */;
			productType = "com.apple.product-type.application";
		};
/* End PBXNativeTarget section */

/* Begin PBXProject section */
		04C19D102AD1E86600D30133 /* Project object */ = {
			isa = PBXProject;
			attributes = {
				BuildIndependentTargetsInParallel = 1;
				LastSwiftUpdateCheck = 1420;
				LastUpgradeCheck = 1420;
				TargetAttributes = {
					04C19D172AD1E86600D30133 = {
						CreatedOnToolsVersion = 14.2;
					};
				};
			};
			buildConfigurationList = 04C19D132AD1E86600D30133 /* Build configuration list for PBXProject "Visitor" */;
			compatibilityVersion = "Xcode 14.0";
			developmentRegion = en;
			hasScannedForEncodings = 0;
			knownRegions = (
				en,
				Base,
			);
			mainGroup = 04C19D0F2AD1E86600D30133;
			productRefGroup = 04C19D192AD1E86600D30133 /* Products */;
			projectDirPath = "";
			projectRoot = "";
			targets = (
				04C19D172AD1E86600D30133 /* Visitor */,
			);
		};
/* End PBXProject section */

/* Begin PBXResourcesBuildPhase section */
		04C19D162AD1E86600D30133 /* Resources */ = {
			isa = PBXResourcesBuildPhase;
			buildActionMask = 2147483647;
			files = (
				04C19D282AD1E86700D30133 /* LaunchScreen.storyboard in Resources */,
				04C19D252AD1E86700D30133 /* Assets.xcassets in Resources */,
				04C19D232AD1E86600D30133 /* Main.storyboard in Resources */,
			);
			runOnlyForDeploymentPostprocessing = 0;
		};
/* End PBXResourcesBuildPhase section */

/* Begin PBXSourcesBuildPhase section */
		04C19D142AD1E86600D30133 /* Sources */ = {
			isa = PBXSourcesBuildPhase;
			buildActionMask = 2147483647;
			files = (
				04C19D202AD1E86600D30133 /* ViewController.swift in Sources */,
				04C19D1C2AD1E86600D30133 /* AppDelegate.swift in Sources */,
				04C19D342AD1F60400D30133 /* FirstCell.swift in Sources */,
				04C19D382AD1F63100D30133 /* ThirdCell.swift in Sources */,
				04C19D362AD1F61500D30133 /* SecondCell.swift in Sources */,
				04C19D1E2AD1E86600D30133 /* SceneDelegate.swift in Sources */,
				04C19D3B2AD1F68C00D30133 /* Visitor.swift in Sources */,
			);
			runOnlyForDeploymentPostprocessing = 0;
		};
/* End PBXSourcesBuildPhase section */

/* Begin PBXVariantGroup section */
		04C19D212AD1E86600D30133 /* Main.storyboard */ = {
			isa = PBXVariantGroup;
			children = (
				04C19D222AD1E86600D30133 /* Base */,
			);
			name = Main.storyboard;
			sourceTree = "<group>";
		};
		04C19D262AD1E86700D30133 /* LaunchScreen.storyboard */ = {
			isa = PBXVariantGroup;
			children = (
				04C19D272AD1E86700D30133 /* Base */,
			);
			name = LaunchScreen.storyboard;
			sourceTree = "<group>";
		};
/* End PBXVariantGroup section */

/* Begin XCBuildConfiguration section */
		04C19D2A2AD1E86700D30133 /* Debug */ = {
			isa = XCBuildConfiguration;
			buildSettings = {
				ALWAYS_SEARCH_USER_PATHS = NO;
				CLANG_ANALYZER_NONNULL = YES;
				CLANG_ANALYZER_NUMBER_OBJECT_CONVERSION = YES_AGGRESSIVE;
				CLANG_CXX_LANGUAGE_STANDARD = "gnu++20";
				CLANG_ENABLE_MODULES = YES;
				CLANG_ENABLE_OBJC_ARC = YES;
				CLANG_ENABLE_OBJC_WEAK = YES;
				CLANG_WARN_BLOCK_CAPTURE_AUTORELEASING = YES;
				CLANG_WARN_BOOL_CONVERSION = YES;
				CLANG_WARN_COMMA = YES;
				CLANG_WARN_CONSTANT_CONVERSION = YES;
				CLANG_WARN_DEPRECATED_OBJC_IMPLEMENTATIONS = YES;
				CLANG_WARN_DIRECT_OBJC_ISA_USAGE = YES_ERROR;
				CLANG_WARN_DOCUMENTATION_COMMENTS = YES;
				CLANG_WARN_EMPTY_BODY = YES;
				CLANG_WARN_ENUM_CONVERSION = YES;
				CLANG_WARN_INFINITE_RECURSION = YES;
				CLANG_WARN_INT_CONVERSION = YES;
				CLANG_WARN_NON_LITERAL_NULL_CONVERSION = YES;
				CLANG_WARN_OBJC_IMPLICIT_RETAIN_SELF = YES;
				CLANG_WARN_OBJC_LITERAL_CONVERSION = YES;
				CLANG_WARN_OBJC_ROOT_CLASS = YES_ERROR;
				CLANG_WARN_QUOTED_INCLUDE_IN_FRAMEWORK_HEADER = YES;
				CLANG_WARN_RANGE_LOOP_ANALYSIS = YES;
				CLANG_WARN_STRICT_PROTOTYPES = YES;
				CLANG_WARN_SUSPICIOUS_MOVE = YES;
				CLANG_WARN_UNGUARDED_AVAILABILITY = YES_AGGRESSIVE;
				CLANG_WARN_UNREACHABLE_CODE = YES;
				CLANG_WARN__DUPLICATE_METHOD_MATCH = YES;
				COPY_PHASE_STRIP = NO;
				DEBUG_INFORMATION_FORMAT = dwarf;
				ENABLE_STRICT_OBJC_MSGSEND = YES;
				ENABLE_TESTABILITY = YES;
				GCC_C_LANGUAGE_STANDARD = gnu11;
				GCC_DYNAMIC_NO_PIC = NO;
				GCC_NO_COMMON_BLOCKS = YES;
				GCC_OPTIMIZATION_LEVEL = 0;
				GCC_PREPROCESSOR_DEFINITIONS = (
					"DEBUG=1",
					"$(inherited)",
				);
				GCC_WARN_64_TO_32_BIT_CONVERSION = YES;
				GCC_WARN_ABOUT_RETURN_TYPE = YES_ERROR;
				GCC_WARN_UNDECLARED_SELECTOR = YES;
				GCC_WARN_UNINITIALIZED_AUTOS = YES_AGGRESSIVE;
				GCC_WARN_UNUSED_FUNCTION = YES;
				GCC_WARN_UNUSED_VARIABLE = YES;
				IPHONEOS_DEPLOYMENT_TARGET = 16.2;
				MTL_ENABLE_DEBUG_INFO = INCLUDE_SOURCE;
				MTL_FAST_MATH = YES;
				ONLY_ACTIVE_ARCH = YES;
				SDKROOT = iphoneos;
				SWIFT_ACTIVE_COMPILATION_CONDITIONS = DEBUG;
				SWIFT_OPTIMIZATION_LEVEL = "-Onone";
			};
			name = Debug;
		};
		04C19D2B2AD1E86700D30133 /* Release */ = {
			isa = XCBuildConfiguration;
			buildSettings = {
				ALWAYS_SEARCH_USER_PATHS = NO;
				CLANG_ANALYZER_NONNULL = YES;
				CLANG_ANALYZER_NUMBER_OBJECT_CONVERSION = YES_AGGRESSIVE;
				CLANG_CXX_LANGUAGE_STANDARD = "gnu++20";
				CLANG_ENABLE_MODULES = YES;
				CLANG_ENABLE_OBJC_ARC = YES;
				CLANG_ENABLE_OBJC_WEAK = YES;
				CLANG_WARN_BLOCK_CAPTURE_AUTORELEASING = YES;
				CLANG_WARN_BOOL_CONVERSION = YES;
				CLANG_WARN_COMMA = YES;
				CLANG_WARN_CONSTANT_CONVERSION = YES;
				CLANG_WARN_DEPRECATED_OBJC_IMPLEMENTATIONS = YES;
				CLANG_WARN_DIRECT_OBJC_ISA_USAGE = YES_ERROR;
				CLANG_WARN_DOCUMENTATION_COMMENTS = YES;
				CLANG_WARN_EMPTY_BODY = YES;
				CLANG_WARN_ENUM_CONVERSION = YES;
				CLANG_WARN_INFINITE_RECURSION = YES;
				CLANG_WARN_INT_CONVERSION = YES;
				CLANG_WARN_NON_LITERAL_NULL_CONVERSION = YES;
				CLANG_WARN_OBJC_IMPLICIT_RETAIN_SELF = YES;
				CLANG_WARN_OBJC_LITERAL_CONVERSION = YES;
				CLANG_WARN_OBJC_ROOT_CLASS = YES_ERROR;
				CLANG_WARN_QUOTED_INCLUDE_IN_FRAMEWORK_HEADER = YES;
				CLANG_WARN_RANGE_LOOP_ANALYSIS = YES;
				CLANG_WARN_STRICT_PROTOTYPES = YES;
				CLANG_WARN_SUSPICIOUS_MOVE = YES;
				CLANG_WARN_UNGUARDED_AVAILABILITY = YES_AGGRESSIVE;
				CLANG_WARN_UNREACHABLE_CODE = YES;
				CLANG_WARN__DUPLICATE_METHOD_MATCH = YES;
				COPY_PHASE_STRIP = NO;
				DEBUG_INFORMATION_FORMAT = "dwarf-with-dsym";
				ENABLE_NS_ASSERTIONS = NO;
				ENABLE_STRICT_OBJC_MSGSEND = YES;
				GCC_C_LANGUAGE_STANDARD = gnu11;
				GCC_NO_COMMON_BLOCKS = YES;
				GCC_WARN_64_TO_32_BIT_CONVERSION = YES;
				GCC_WARN_ABOUT_RETURN_TYPE = YES_ERROR;
				GCC_WARN_UNDECLARED_SELECTOR = YES;
				GCC_WARN_UNINITIALIZED_AUTOS = YES_AGGRESSIVE;
				GCC_WARN_UNUSED_FUNCTION = YES;
				GCC_WARN_UNUSED_VARIABLE = YES;
				IPHONEOS_DEPLOYMENT_TARGET = 16.2;
				MTL_ENABLE_DEBUG_INFO = NO;
				MTL_FAST_MATH = YES;
				SDKROOT = iphoneos;
				SWIFT_COMPILATION_MODE = wholemodule;
				SWIFT_OPTIMIZATION_LEVEL = "-O";
				VALIDATE_PRODUCT = YES;
			};
			name = Release;
		};
		04C19D2D2AD1E86700D30133 /* Debug */ = {
			isa = XCBuildConfiguration;
			buildSettings = {
				ASSETCATALOG_COMPILER_APPICON_NAME = AppIcon;
				ASSETCATALOG_COMPILER_GLOBAL_ACCENT_COLOR_NAME = AccentColor;
				CODE_SIGN_STYLE = Automatic;
				CURRENT_PROJECT_VERSION = 1;
				GENERATE_INFOPLIST_FILE = YES;
				INFOPLIST_FILE = Visitor/Info.plist;
				INFOPLIST_KEY_UIApplicationSupportsIndirectInputEvents = YES;
				INFOPLIST_KEY_UILaunchStoryboardName = LaunchScreen;
				INFOPLIST_KEY_UIMainStoryboardFile = Main;
				INFOPLIST_KEY_UISupportedInterfaceOrientations_iPad = "UIInterfaceOrientationPortrait UIInterfaceOrientationPortraitUpsideDown UIInterfaceOrientationLandscapeLeft UIInterfaceOrientationLandscapeRight";
				INFOPLIST_KEY_UISupportedInterfaceOrientations_iPhone = "UIInterfaceOrientationPortrait UIInterfaceOrientationLandscapeLeft UIInterfaceOrientationLandscapeRight";
				LD_RUNPATH_SEARCH_PATHS = (
					"$(inherited)",
					"@executable_path/Frameworks",
				);
				MARKETING_VERSION = 1.0;
				PRODUCT_BUNDLE_IDENTIFIER = Heorhii.Visitor;
				PRODUCT_NAME = "$(TARGET_NAME)";
				SWIFT_EMIT_LOC_STRINGS = YES;
				SWIFT_VERSION = 5.0;
				TARGETED_DEVICE_FAMILY = "1,2";
			};
			name = Debug;
		};
		04C19D2E2AD1E86700D30133 /* Release */ = {
			isa = XCBuildConfiguration;
			buildSettings = {
				ASSETCATALOG_COMPILER_APPICON_NAME = AppIcon;
				ASSETCATALOG_COMPILER_GLOBAL_ACCENT_COLOR_NAME = AccentColor;
				CODE_SIGN_STYLE = Automatic;
				CURRENT_PROJECT_VERSION = 1;
				GENERATE_INFOPLIST_FILE = YES;
				INFOPLIST_FILE = Visitor/Info.plist;
				INFOPLIST_KEY_UIApplicationSupportsIndirectInputEvents = YES;
				INFOPLIST_KEY_UILaunchStoryboardName = LaunchScreen;
				INFOPLIST_KEY_UIMainStoryboardFile = Main;
				INFOPLIST_KEY_UISupportedInterfaceOrientations_iPad = "UIInterfaceOrientationPortrait UIInterfaceOrientationPortraitUpsideDown UIInterfaceOrientationLandscapeLeft UIInterfaceOrientationLandscapeRight";
				INFOPLIST_KEY_UISupportedInterfaceOrientations_iPhone = "UIInterfaceOrientationPortrait UIInterfaceOrientationLandscapeLeft UIInterfaceOrientationLandscapeRight";
				LD_RUNPATH_SEARCH_PATHS = (
					"$(inherited)",
					"@executable_path/Frameworks",
				);
				MARKETING_VERSION = 1.0;
				PRODUCT_BUNDLE_IDENTIFIER = Heorhii.Visitor;
				PRODUCT_NAME = "$(TARGET_NAME)";
				SWIFT_EMIT_LOC_STRINGS = YES;
				SWIFT_VERSION = 5.0;
				TARGETED_DEVICE_FAMILY = "1,2";
			};
			name = Release;
		};
/* End XCBuildConfiguration section */

/* Begin XCConfigurationList section */
		04C19D132AD1E86600D30133 /* Build configuration list for PBXProject "Visitor" */ = {
			isa = XCConfigurationList;
			buildConfigurations = (
				04C19D2A2AD1E86700D30133 /* Debug */,
				04C19D2B2AD1E86700D30133 /* Release */,
			);
			defaultConfigurationIsVisible = 0;
			defaultConfigurationName = Release;
		};
		04C19D2C2AD1E86700D30133 /* Build configuration list for PBXNativeTarget "Visitor" */ = {
			isa = XCConfigurationList;
			buildConfigurations = (
				04C19D2D2AD1E86700D30133 /* Debug */,
				04C19D2E2AD1E86700D30133 /* Release */,
			);
			defaultConfigurationIsVisible = 0;
			defaultConfigurationName = Release;
		};
/* End XCConfigurationList section */
	};
	rootObject = 04C19D102AD1E86600D30133 /* Project object */;
}
